
Microsoft Visual Studio Solution File, Format Version 12.00
# Visual Studio 15
VisualStudioVersion = 15.0.33919.361
MinimumVisualStudioVersion = 10.0.40219.1
Project("{FAE04EC0-301F-11D3-BF4B-00C04F79EFBC}") = "ItakuDesktop", "ItakuDesktop\ItakuDesktop.csproj", "{1D74E465-B956-46AC-B6A9-D3B1C31CDB97}"
EndProject
Global
	GlobalSection(SolutionConfigurationPlatforms) = preSolution
		Debug|Any CPU = Debug|Any CPU
		Release|Any CPU = Release|Any CPU
	EndGlobalSection
	GlobalSection(ProjectConfigurationPlatforms) = postSolution
		{1D74E465-B956-46AC-B6A9-D3B1C31CDB97}.Debug|Any CPU.ActiveCfg = Debug|Any CPU
		{1D74E465-B956-46AC-B6A9-D3B1C31CDB97}.Debug|Any CPU.Build.0 = Debug|Any CPU
		{1D74E465-B956-46AC-B6A9-D3B1C31CDB97}.Release|Any CPU.ActiveCfg = Release|Any CPU
		{1D74E465-B956-46AC-B6A9-D3B1C31CDB97}.Release|Any CPU.Build.0 = Release|Any CPU
	EndGlobalSection
	GlobalSection(SolutionProperties) = preSolution
		HideSolutionNode = FALSE
	EndGlobalSection
	GlobalSection(ExtensibilityGlobals) = postSolution
		SolutionGuid = {40CD8A16-751B-440C-9ADA-B6D579DF8204}
	EndGlobalSection
EndGlobal
